{
  "name": "neon-rogue-pong",
  "version": "1.1.0",
  "lockfileVersion": 3,
  "requires": true,
  "packages": {
    "": {
      "name": "neon-rogue-pong",
      "version": "1.1.0",
      "dependencies": {
        "react": "^19.0.0",
        "react-dom": "^19.0.0"
      },
      "devDependencies": {
        "@types/react": "^19.0.0",
        "@types/react-dom": "^19.0.0",
        "typescript": "^5.7.2",
        "vite": "^6.0.3"
      }
    },
    "node_modules/@types/react": {
      "version": "19.0.1",
      "resolved": "https://registry.npmjs.org/@types/react/-/react-19.0.1.tgz",
      "integrity": "sha512-uG6tV76oHk8u75kK61R8N6C82O666mB0S6nNoR7H9mN/fN/9n39H/FST8l6fX+N/8i6I4D9t53y9uL9Hk=="
    },
    "node_modules/@types/react-dom": {
      "version": "19.0.1",
      "resolved": "https://registry.npmjs.org/@types/react-dom/-/react-dom-19.0.1.tgz",
      "integrity": "sha512-uG6tV76oHk8u75kK61R8N6C82O666mB0S6nNoR7H9mN/fN/9n39H/FST8l6fX+N/8i6I4D9t53y9uL9Hk==",
      "dependencies": {
        "@types/react": "*"
      }
    },
    "node_modules/react": {
      "version": "19.0.0",
      "resolved": "https://registry.npmjs.org/react/-/react-19.0.0.tgz",
      "integrity": "sha512-V8AV9li88YMfy3Wo1qUR40pp6Gf2D8X7u5+O4uPzW9H2f6897/Y9N2f7S/WfNf2G8n9V98o5k18uS5X9+"
    },
    "node_modules/react-dom": {
      "version": "19.0.0",
      "resolved": "https://registry.npmjs.org/react-dom/-/react-dom-19.0.0.tgz",
      "integrity": "sha512-8z6XyS78n5u3z8W6W2P5P5YyW6U5f2S1Y590X6z1K0/v8o8z/6m3m8u+H8yY+1Vz3O7W5/v8o8z/6m3m8u+H8yY+1Vz3O7W5/v8o8z/6m3m8u+H8yY+1Vz3O7W5/v8o8z/6m3m8u+H8yY+1Vz3O7W5/v8o8z/6m3m8u+H8yY+1Vz3O7W5/v8o8z/6m3m8u+H8yY+1Vz3O7W5/v8o8z/6m3m8u+H8yY+1Vz3O7W5/v8o8z/6m3m8u+H8yY+1Vz3O7W5/v8o8z/6m3m8u+H8yY+1Vz3O7W5/v8o8z/6m3m8u+H8yY+1Vz3O7W5/v8o8z/6m3m8u+H8yY+1Vz3O7W5/v8o8z/6m3m8u+H8yY+1Vz3O7W5/v8o8z/6m3m8u+H8yY+1Vz3O7W5/v8o8z/6m3m8u+H8yY+1Vz3O7W5/v8o8z/6m3m8u+H8yY+1Vz3O7W5/v8o8z/6m3m8u+H8yY+1Vz3O7W5/v8o8z/6m3m8u+H8yY+1Vz3O7W5/v8o8z/6m3m8u+H8yY+1Vz3O7W5/v8o8z/6m3m8u+H8yY+1Vz3O7W5/v8o8z/6m3m8u+H8yY+1Vz3O7W5/v8o8z/6m3m8u+H8yY+1Vz3O7W5/v8o8z/6m3m8u+H8yY+1Vz3O7W5/v8o8z/6m3m8u+H8yY+1Vz3O7W5/v8o8z/6m3m8u+H8yY+1Vz3O7W5/v8o8z/6m3m8u+H8yY+1Vz3O7W5/v8o8z/6m3m8u+H8yY+1Vz3O7W5/v8o8z/6m3m8u+H8yY+1Vz3O7W5/v8o8z/6m3m8u+H8yY+1Vz3O7W5/v8o8z/6m3m8u+H8yY+1Vz3O7W5/v8o8z/6m3m8u+H8yY+1Vz3O7W5/v8o8z/6m3m8u+H8yY+1Vz3O7W5/v8o8z/6m3m8u+H8yY+1Vz3O7W5/v8o8z/6m3m8u+H8yY+1Vz3O7W5/v8o8z/6m3m8u+H8yY+1Vz3O7W5/v8o8z/6m3m8u+H8yY+1Vz3O7W5/v8o8z/6m3m8u+H8yY+1Vz3O7W5/v8o8z/6m3m8u+H8yY+1Vz3O7W5/v8o8z/6m3m8u+H8yY+1Vz3O7W5/v8o8z/6m3m8u+H8yY+1Vz3O7W5/v8o8z/6m3m8u+H8yY+1Vz3O7W5/v8o8z/6m3m8u+H8yY+1Vz3O7W5/v8o8z/6m3m8u+H8yY+1Vz3O7W5/v8o8z/6m3m8u+H8yY+1Vz3O7W5/v8o8z/6m3m8u+H8yY+1Vz3O7W5/v8o8z/6m3m8u+H8yY+1Vz3O7W5/v8o8z/6m3m8u+H8yY+1Vz3O7W5/v8o8z/6m3m8u+H8yY+1Vz3O7W5/v8o8z/6m3m8u+H8yY+1Vz3O7W5/v8o8z/6m3m8u+H8yY+1Vz3O7W5/v8o8z/6m3m8u+H8yY+1Vz3O7W5/v8o8z/6m3m8u+H8yY+1Vz3O7W5/v8o8z/6m3m8u+H8yY+1Vz3O7W5/v8o8z/6m3m8u+H8yY+1Vz3O7W5/v8o8z/6m3m8u+H8yY+1Vz3O7W5/v8o8z/6m3m8u+H8yY+1Vz3O7W5/v8o8z/6m3m8u+H8yY+1Vz3O7W5/v8o8z/6m3m8u+H8yY+1Vz3O7W5/v8o8z/6m3m8u+H8yY+1Vz3O7W5/v8o8z/6m3m8u+H8yY+1Vz3O7W5/v8o8z/6m3m8u+H8yY+1Vz3O7W5/v8o8z/6m3m8u+H8yY+1Vz3O7W5/v8o8z/6m3m8u+H8yY+1Vz3O7W5/v8o8z/6m3m8u+H8yY+1Vz3O7W5/v8o8z/6m3m8u+H8yY+1Vz3O7W5/v8o8z/6m3m8u+H8yY+1Vz3O7W5/v8o8z/6m3m8u+H8yY+1Vz3O7W5/v8o8z/6m3m8u+H8yY+1Vz3O7W5/v8o8z/6m3m8u+H8yY+1Vz3O7W5/v8o8z/6m3m8u+H8yY+1Vz3O7W5/v8o8z/6m3m8u+H8yY+1Vz3O7W5/v8o8z/6m3m8u+H8yY+1Vz3O7W5/v8o8z/6m3m8u+H8yY+1Vz3O7W5/v8o8z/6m3m8u+H8yY+1Vz3O7W5/v8o8z/6m3m8u+H8yY+1Vz3O7W5/v8o8z/6m3m8u+H8yY+1Vz3O7W5/v8o8z/6m3m8u+H8yY+1Vz3O7W5/v8o8z/6m3m8u+H8yY+1Vz3O7W5/v8o8z/6m3m8u+H8yY+1Vz3O7W5/v8o8z/6m3m8u+H8yY+1Vz3O7W5/v8o8z/6m3m8u+H8yY+1Vz3O7W5/v8o8z/6m3m8u+H8yY+1Vz3O7W5/v8o8z/6m3m8u+H8yY+1Vz3O7W5/v8o8z/6m3m8u+H8yY+1Vz3O7W5/v8o8z/6m3m8u+H8yY+1Vz3O7W5/v8o8z/6m3m8u+H8yY+1Vz3O7W5/v8o8z/6m3m8u+H8yY+1Vz3O7W5/v8o8z/6m3m8u+H8yY+1Vz3O7W5/v8o8z/6m3m8u+H8yY+1Vz3O7W5/v8o8z/6m3m8u+H8yY+1Vz3O7W5/v8o8z/6m3m8u+H8yY+1Vz3O7W5/v8o8z/6m3m8u+H8yY+1Vz3O7W5/v8o8z/6m3m8u+H8yY+1Vz3O7W5/v8o8z/6m3m8u+H8yY+1Vz3O7W5/v8o8z/6m3m8u+H8yY+1Vz3O7W5/v8o8z/6m3m8u+H8yY+1Vz3O7W5/v8o8z/6m3m8u+H8yY+1Vz3O7W5/v8o8z/6m3m8u+H8yY+1Vz3O7W5/v8o8z/6m3m8u+H8yY+1Vz3O7W5/v8o8z/6m3m8u+H8yY+1Vz3O7W5/v8o8z/6m3m8u+H8yY+1Vz3O7W5/v8o8z/6m3m8u+H8yY+1Vz3O7W5/v8o8z/6m3m8u+H8yY+1Vz3O7W5/v8o8z/6m3m8u+H8yY+1Vz3O7W5/v8o8z/6m3m8u+H8yY+1Vz3O7W5/v8o8z/6m3m8u+H8yY+1Vz3O7W5/v8o8z/6m3m8u+H8yY+1Vz3O7W5/v8o8z/6m3m8u+H8yY+1Vz3O7W5/v8o8z/6m3m8u+H8yY+1Vz3O7W5/v8o8z/6m3m8u+H8yY+1Vz3O7W5/v8o8z/6m3m8u+H8yY+1Vz3O7W5/v8o8z/6m3m8u+H8yY+1Vz3O7W5/v8o8z/6m3m8u+H8yY+1Vz3O7W5/v8o8z/6m3m8u+H8yY+1Vz3O7W5/v8o8z/6m3m8u+H8yY+1Vz3O7W5/v8o8z/6m3m8u+H8yY+1Vz3O7W5/v8o8z/6m3m8u+H8yY+1Vz3O7W5/v8o8z/6m3m8u+H8yY+1Vz3O7W5/v8o8z/6m3m8u+H8yY+1Vz3O7W5/v8o8z/6m3m8u+H8yY+1Vz3O7W5/v8o8z/6m3m8u+H8yY+1Vz3O7W5/v8o8z/6m3m8u+H8yY+1Vz3O7W5/v8o8z/6m3m8u+H8yY+1Vz3O7W5/v8o8z/6m3m8u+H8yY+1Vz3O7W5/v8o8z/6m3m8u+H8yY+1Vz3O7W5/v8o8z/6m3m8u+H8yY+1Vz3O7W5/v8o8z/6m3m8u+H8yY+1Vz3O7W5/v8o8z/6m3m8u+H8yY+1Vz3O7W5/v8o8z/6m3m8u+H8yY+1Vz3O7W5/v8o8z/6m3m8u+H8yY+1Vz3O7W5/v8o8z/6m3m8u+H8yY+1Vz3O7W5/v8o8z/6m3m8u+H8yY+1Vz3O7W5/v8o8z/6m3m8u+H8yY+1Vz3O7W5/v8o8z/6m3m8u+H8yY+1Vz3O7W5/v8o8z/6m3m8u+H8yY+1Vz3O7W5/v8o8z/6m3m8u+H8yY+1Vz3O7W5/v8o8z/6m3m8u+H8yY+1Vz3O7W5/v8o8z/6m3m8u+H8yY+1Vz3O7W5/v8o8z/6m3m8u+H8yY+1Vz3O7W5/v8o8z/6m3m8u+H8yY+1Vz3O7W5/v8o8z/6m3m8u+H8yY+1Vz3O7W5/v8o8z/6m3m8u+H8yY+1Vz3O7W5/v8o8z/6m3m8u+H8yY+1Vz3O7W5/v8o8z/6m3m8u+H8yY+1Vz3O7W5/v8o8z/6m3m8u+H8yY+1Vz3O7W5/v8o8z/6m3m8u+H8yY+1Vz3O7W5/v8o8z/6m3m8u+H8yY+1Vz3O7W5/v8o8z/6m3m8u+H8yY+1Vz3O7W5/v8o8z/6m3m8u+H8yY+1Vz3O7W5/v8o8z/6m3m8u+H8yY+1Vz3O7W5/v8o8z/6m3m8u+H8yY+1Vz3O7W5/v8o8z/6m3m8u+H8yY+1Vz3O7W5/v8o8z/6m3m8u+H8yY+1Vz3O7W5/v8o8z/6m3m8u+H8yY+1Vz3O7W5/v8o8z/6m3m8u+H8yY+1Vz3O7W5/v8o8z/6m3m8u+H8yY+1Vz3O7W5/v8o8z/6m3m8u+H8yY+1Vz3O7W5/v8o8z/6m3m8u+H8yY+1Vz3O7W5/v8o8z/6m3m8u+H8yY+1Vz3O7W5/v8o8z/6m3m8u+H8yY+1Vz3O7W5/v8o8z/6m3m8u+H8yY+1Vz3O7W5/v8o8z/6m3m8u+H8yY+1Vz3O7W5/v8o8z/6m3m8u+H8yY+1Vz3O7W5/v8o8z/6m3m8u+H8yY+1Vz3O7W5/v8o8z/6m3m8u+H8yY+1Vz3O7W5/v8o8z/6m3m8u+H8yY+1Vz3O7W5/v8o8z/6m3m8u+H8yY+1Vz3O7W5/v8o8z/6m3m8u+H8yY+1Vz3O7W5/v8o8z/6m3m8u+H8yY+1Vz3O7W5/v8o8z/6m3m8u+H8yY+1Vz3O7W5/v8o8z/6m3m8u+H8yY+1Vz3O7W5/v8o8z/6m3m8u+H8yY+1Vz3O7W5/v8o8z/6m3m8u+H8yY+1Vz3O7W5/v8o8z/6m3m8u+H8yY+1Vz3O7W5/v8o8z/6m3m8u+H8yY+1Vz3O7W5/v8o8z/6m3m8u+H8yY+1Vz3O7W5/v8o8z/6m3m8u+H8yY+1Vz3O7W5/v8o8z/6m3m8u+H8yY+1Vz3O7W5/v8o8z/6m3m8u+H8yY+1Vz3O7W5/v8o8z/6m3m8u+H8yY+1Vz3O7W5/v8o8z/6m3m8u+H8yY+1Vz3O7W5/v8o8z/6m3m8u+H8yY+1Vz3O7W5/v8o8z/6m3m8u+H8yY+1Vz3O7W5/v8o8z/6m3m8u+H8yY+1Vz3O7W5/v8o8z/6m3m8u+H8yY+1Vz3O7W5/v8o8z/6m3m8u+H8yY+1Vz3O7W5/v8o8z/6m3m8u+H8yY+1Vz3O7W5/v8o8z/6m3m8u+H8yY+1Vz3O7W5/v8o8z/6m3m8u+H8yY+1Vz3O7W5/v8o8z/6m3m8u+H8yY+1Vz3O7W5/v8o8z/6m3m8u+H8yY+1Vz3O7W5/v8o8z/6m3m8u+H8yY+1Vz3O7W5/v8o8z/6m3m8u+H8yY+1Vz3O7W5/v8o8z/6m3m8u+H8yY+1Vz3O7W5/v8o8z/6m3m8u+H8yY+1Vz3O7W5/v8o8z/6m3m8u+H8yY+1Vz3O7W5/v8o8z/6m3m8u+H8yY+1Vz3O7W5/v8o8z/6m3m8u+H8yY+1Vz3O7W5/v8o8z/6m3m8u+H8yY+1Vz3O7W5/v8o8z/6m3m8u+H8yY+1Vz3O7W5/v8o8z/6m3m8u+H8yY+1Vz3O7W5/v8o8z/6m3m8u+H8yY+1Vz3O7W5/v8o8z/6m3m8u+H8yY+1Vz3O7W5/v8o8z/6m3m8u+H8yY+1Vz3O7W5/v8o8z/6m3m8u+H8yY+1Vz3O7W5/v8o8z/6m3m8u+H8yY+1Vz3O7W5/v8o8z/6m3m8u+H8yY+1Vz3O7W5/v8o8z/6m3m8u+H8yY+1Vz3O7W5/v8o8z/6m3m8u+H8yY+1Vz3O7W5/v8o8z/6m3m8u+H8yY+1Vz3O7W5/v8o8z/6m3m8u+H8yY+1Vz3O7W5/v8o8z/6m3m8u+H8yY+1Vz3O7W5/v8o8z/6m3m8u+H8yY+1Vz3O7W5/v8o8z/6m3m8u+H8yY+1Vz3O7W5/v8o8z/6m3m8u+H8yY+1Vz3O7W5/v8o8z/6m3m8u+H8yY+1Vz3O7W5/v8o8z/6m3m8u+H8yY+1Vz3O7W5/v8o8z/6m3m8u+H8yY+1Vz3O7W5/v8o8z/6m3m8u+H8yY+1Vz3O7W5/v8o8z/6m3m8u+H8yY+1Vz3O7W5/v8o8z/6m3m8u+H8yY+1Vz3O7W5/v8o8z/6m3m8u+H8yY+1Vz3O7W